
Microsoft Visual Studio Solution File, Format Version 12.00
# Visual Studio 15
VisualStudioVersion = 15.0.27130.2036
MinimumVisualStudioVersion = 10.0.40219.1
Project("{FAE04EC0-301F-11D3-BF4B-00C04F79EFBC}") = "leagueRandomizer", "leagueRandomizer\leagueRandomizer.csproj", "{3C58A76F-2913-41F8-8455-9000E924AAB6}"
EndProject
Global
	GlobalSection(SolutionConfigurationPlatforms) = preSolution
		Debug|Any CPU = Debug|Any CPU
		Release|Any CPU = Release|Any CPU
	EndGlobalSection
	GlobalSection(ProjectConfigurationPlatforms) = postSolution
		{3C58A76F-2913-41F8-8455-9000E924AAB6}.Debug|Any CPU.ActiveCfg = Debug|Any CPU
		{3C58A76F-2913-41F8-8455-9000E924AAB6}.Debug|Any CPU.Build.0 = Debug|Any CPU
		{3C58A76F-2913-41F8-8455-9000E924AAB6}.Release|Any CPU.ActiveCfg = Release|Any CPU
		{3C58A76F-2913-41F8-8455-9000E924AAB6}.Release|Any CPU.Build.0 = Release|Any CPU
	EndGlobalSection
	GlobalSection(SolutionProperties) = preSolution
		HideSolutionNode = FALSE
	EndGlobalSection
	GlobalSection(ExtensibilityGlobals) = postSolution
		SolutionGuid = {36AA06EB-21F2-4CD9-AFA3-0F3EC0F428C5}
	EndGlobalSection
EndGlobal
